{
  "name": "consumerpackage",
  "version": "1.0.0",
  "lockfileVersion": 2,
  "requires": true,
  "packages": {
    "": {
      "name": "consumerpackage",
      "version": "1.0.0",
      "license": "ISC",
      "dependencies": {
        "math-package": "file:../math-package"
      }
    },
    "../math-package": {
      "version": "1.0.0",
      "license": "ISC"
    },
    "node_modules/math-package": {
      "resolved": "../math-package",
      "link": true
    }
  },
  "dependencies": {
    "math-package": {
      "version": "file:../math-package"
    }
  }
}
